// !$*UTF8*$!
{
	archiveVersion = 1;
	classes = {
	};
	objectVersion = 56;
	objects = {

/* Begin PBXBuildFile section */
		BA42A21929546D7F009713CB /* E_codes_Checker_AppApp.swift in Sources */ = {isa = PBXBuildFile; fileRef = BA42A21829546D7F009713CB /* E_codes_Checker_AppApp.swift */; };
		BA42A21B29546D7F009713CB /* ContentView.swift in Sources */ = {isa = PBXBuildFile; fileRef = BA42A21A29546D7F009713CB /* ContentView.swift */; };
		BA42A21D29546D81009713CB /* Assets.xcassets in Resources */ = {isa = PBXBuildFile; fileRef = BA42A21C29546D81009713CB /* Assets.xcassets */; };
		BA42A22029546D81009713CB /* Preview Assets.xcassets in Resources */ = {isa = PBXBuildFile; fileRef = BA42A21F29546D81009713CB /* Preview Assets.xcassets */; };
		BA470F282968362500D651B8 /* SQLiteDBController.swift in Sources */ = {isa = PBXBuildFile; fileRef = BA470F272968362500D651B8 /* SQLiteDBController.swift */; };
		BA470F2A2968366200D651B8 /* ECodeInfoModel.swift in Sources */ = {isa = PBXBuildFile; fileRef = BA470F292968366200D651B8 /* ECodeInfoModel.swift */; };
		BA470F2C2968368C00D651B8 /* eCodesDB.db in Resources */ = {isa = PBXBuildFile; fileRef = BA470F2B2968368C00D651B8 /* eCodesDB.db */; };
		BA470F2F2968373F00D651B8 /* SQLite in Frameworks */ = {isa = PBXBuildFile; productRef = BA470F2E2968373F00D651B8 /* SQLite */; };
/* End PBXBuildFile section */

/* Begin PBXFileReference section */
		BA42A21529546D7F009713CB /* E-codes Checker App.app */ = {isa = PBXFileReference; explicitFileType = wrapper.application; includeInIndex = 0; path = "E-codes Checker App.app"; sourceTree = BUILT_PRODUCTS_DIR; };
		BA42A21829546D7F009713CB /* E_codes_Checker_AppApp.swift */ = {isa = PBXFileReference; lastKnownFileType = sourcecode.swift; path = E_codes_Checker_AppApp.swift; sourceTree = "<group>"; };
		BA42A21A29546D7F009713CB /* ContentView.swift */ = {isa = PBXFileReference; lastKnownFileType = sourcecode.swift; path = ContentView.swift; sourceTree = "<group>"; };
		BA42A21C29546D81009713CB /* Assets.xcassets */ = {isa = PBXFileReference; lastKnownFileType = folder.assetcatalog; path = Assets.xcassets; sourceTree = "<group>"; };
		BA42A21F29546D81009713CB /* Preview Assets.xcassets */ = {isa = PBXFileReference; lastKnownFileType = folder.assetcatalog; path = "Preview Assets.xcassets"; sourceTree = "<group>"; };
		BA470F272968362500D651B8 /* SQLiteDBController.swift */ = {isa = PBXFileReference; lastKnownFileType = sourcecode.swift; path = SQLiteDBController.swift; sourceTree = "<group>"; };
		BA470F292968366200D651B8 /* ECodeInfoModel.swift */ = {isa = PBXFileReference; lastKnownFileType = sourcecode.swift; path = ECodeInfoModel.swift; sourceTree = "<group>"; };
		BA470F2B2968368C00D651B8 /* eCodesDB.db */ = {isa = PBXFileReference; lastKnownFileType = file; path = eCodesDB.db; sourceTree = "<group>"; };
/* End PBXFileReference section */

/* Begin PBXFrameworksBuildPhase section */
		BA42A21229546D7F009713CB /* Frameworks */ = {
			isa = PBXFrameworksBuildPhase;
			buildActionMask = 2147483647;
			files = (
				BA470F2F2968373F00D651B8 /* SQLite in Frameworks */,
			);
			runOnlyForDeploymentPostprocessing = 0;
		};
/* End PBXFrameworksBuildPhase section */

/* Begin PBXGroup section */
		BA42A20C29546D7F009713CB = {
			isa = PBXGroup;
			children = (
				BA42A21729546D7F009713CB /* E-codes Checker App */,
				BA42A21629546D7F009713CB /* Products */,
			);
			sourceTree = "<group>";
		};
		BA42A21629546D7F009713CB /* Products */ = {
			isa = PBXGroup;
			children = (
				BA42A21529546D7F009713CB /* E-codes Checker App.app */,
			);
			name = Products;
			sourceTree = "<group>";
		};
		BA42A21729546D7F009713CB /* E-codes Checker App */ = {
			isa = PBXGroup;
			children = (
				BA470F2B2968368C00D651B8 /* eCodesDB.db */,
				BA42A21829546D7F009713CB /* E_codes_Checker_AppApp.swift */,
				BA42A21A29546D7F009713CB /* ContentView.swift */,
				BA470F292968366200D651B8 /* ECodeInfoModel.swift */,
				BA470F272968362500D651B8 /* SQLiteDBController.swift */,
				BA42A21C29546D81009713CB /* Assets.xcassets */,
				BA42A21E29546D81009713CB /* Preview Content */,
			);
			path = "E-codes Checker App";
			sourceTree = "<group>";
		};
		BA42A21E29546D81009713CB /* Preview Content */ = {
			isa = PBXGroup;
			children = (
				BA42A21F29546D81009713CB /* Preview Assets.xcassets */,
			);
			path = "Preview Content";
			sourceTree = "<group>";
		};
/* End PBXGroup section */

/* Begin PBXNativeTarget section */
		BA42A21429546D7F009713CB /* E-codes Checker App */ = {
			isa = PBXNativeTarget;
			buildConfigurationList = BA42A22329546D81009713CB /* Build configuration list for PBXNativeTarget "E-codes Checker App" */;
			buildPhases = (
				BA42A21129546D7F009713CB /* Sources */,
				BA42A21229546D7F009713CB /* Frameworks */,
				BA42A21329546D7F009713CB /* Resources */,
			);
			buildRules = (
			);
			dependencies = (
			);
			name = "E-codes Checker App";
			packageProductDependencies = (
				BA470F2E2968373F00D651B8 /* SQLite */,
			);
			productName = "E-codes Checker App";
			productReference = BA42A21529546D7F009713CB /* E-codes Checker App.app */;
			productType = "com.apple.product-type.application";
		};
/* End PBXNativeTarget section */

/* Begin PBXProject section */
		BA42A20D29546D7F009713CB /* Project object */ = {
			isa = PBXProject;
			attributes = {
				BuildIndependentTargetsInParallel = 1;
				LastSwiftUpdateCheck = 1420;
				LastUpgradeCheck = 1420;
				TargetAttributes = {
					BA42A21429546D7F009713CB = {
						CreatedOnToolsVersion = 14.2;
					};
				};
			};
			buildConfigurationList = BA42A21029546D7F009713CB /* Build configuration list for PBXProject "E-codes Checker App" */;
			compatibilityVersion = "Xcode 14.0";
			developmentRegion = en;
			hasScannedForEncodings = 0;
			knownRegions = (
				en,
				Base,
			);
			mainGroup = BA42A20C29546D7F009713CB;
			packageReferences = (
				BA470F2D2968373F00D651B8 /* XCRemoteSwiftPackageReference "SQLite.swift" */,
			);
			productRefGroup = BA42A21629546D7F009713CB /* Products */;
			projectDirPath = "";
			projectRoot = "";
			targets = (
				BA42A21429546D7F009713CB /* E-codes Checker App */,
			);
		};
/* End PBXProject section */

/* Begin PBXResourcesBuildPhase section */
		BA42A21329546D7F009713CB /* Resources */ = {
			isa = PBXResourcesBuildPhase;
			buildActionMask = 2147483647;
			files = (
				BA42A22029546D81009713CB /* Preview Assets.xcassets in Resources */,
				BA470F2C2968368C00D651B8 /* eCodesDB.db in Resources */,
				BA42A21D29546D81009713CB /* Assets.xcassets in Resources */,
			);
			runOnlyForDeploymentPostprocessing = 0;
		};
/* End PBXResourcesBuildPhase section */

/* Begin PBXSourcesBuildPhase section */
		BA42A21129546D7F009713CB /* Sources */ = {
			isa = PBXSourcesBuildPhase;
			buildActionMask = 2147483647;
			files = (
				BA470F2A2968366200D651B8 /* ECodeInfoModel.swift in Sources */,
				BA42A21B29546D7F009713CB /* ContentView.swift in Sources */,
				BA470F282968362500D651B8 /* SQLiteDBController.swift in Sources */,
				BA42A21929546D7F009713CB /* E_codes_Checker_AppApp.swift in Sources */,
			);
			runOnlyForDeploymentPostprocessing = 0;
		};
/* End PBXSourcesBuildPhase section */

/* Begin XCBuildConfiguration section */
		BA42A22129546D81009713CB /* Debug */ = {
			isa = XCBuildConfiguration;
			buildSettings = {
				ALWAYS_SEARCH_USER_PATHS = NO;
				CLANG_ANALYZER_NONNULL = YES;
				CLANG_ANALYZER_NUMBER_OBJECT_CONVERSION = YES_AGGRESSIVE;
				CLANG_CXX_LANGUAGE_STANDARD = "gnu++20";
				CLANG_ENABLE_MODULES = YES;
				CLANG_ENABLE_OBJC_ARC = YES;
				CLANG_ENABLE_OBJC_WEAK = YES;
				CLANG_WARN_BLOCK_CAPTURE_AUTORELEASING = YES;
				CLANG_WARN_BOOL_CONVERSION = YES;
				CLANG_WARN_COMMA = YES;
				CLANG_WARN_CONSTANT_CONVERSION = YES;
				CLANG_WARN_DEPRECATED_OBJC_IMPLEMENTATIONS = YES;
				CLANG_WARN_DIRECT_OBJC_ISA_USAGE = YES_ERROR;
				CLANG_WARN_DOCUMENTATION_COMMENTS = YES;
				CLANG_WARN_EMPTY_BODY = YES;
				CLANG_WARN_ENUM_CONVERSION = YES;
				CLANG_WARN_INFINITE_RECURSION = YES;
				CLANG_WARN_INT_CONVERSION = YES;
				CLANG_WARN_NON_LITERAL_NULL_CONVERSION = YES;
				CLANG_WARN_OBJC_IMPLICIT_RETAIN_SELF = YES;
				CLANG_WARN_OBJC_LITERAL_CONVERSION = YES;
				CLANG_WARN_OBJC_ROOT_CLASS = YES_ERROR;
				CLANG_WARN_QUOTED_INCLUDE_IN_FRAMEWORK_HEADER = YES;
				CLANG_WARN_RANGE_LOOP_ANALYSIS = YES;
				CLANG_WARN_STRICT_PROTOTYPES = YES;
				CLANG_WARN_SUSPICIOUS_MOVE = YES;
				CLANG_WARN_UNGUARDED_AVAILABILITY = YES_AGGRESSIVE;
				CLANG_WARN_UNREACHABLE_CODE = YES;
				CLANG_WARN__DUPLICATE_METHOD_MATCH = YES;
				COPY_PHASE_STRIP = NO;
				DEBUG_INFORMATION_FORMAT = dwarf;
				ENABLE_STRICT_OBJC_MSGSEND = YES;
				ENABLE_TESTABILITY = YES;
				GCC_C_LANGUAGE_STANDARD = gnu11;
				GCC_DYNAMIC_NO_PIC = NO;
				GCC_NO_COMMON_BLOCKS = YES;
				GCC_OPTIMIZATION_LEVEL = 0;
				GCC_PREPROCESSOR_DEFINITIONS = (
					"DEBUG=1",
					"$(inherited)",
				);
				GCC_WARN_64_TO_32_BIT_CONVERSION = YES;
				GCC_WARN_ABOUT_RETURN_TYPE = YES_ERROR;
				GCC_WARN_UNDECLARED_SELECTOR = YES;
				GCC_WARN_UNINITIALIZED_AUTOS = YES_AGGRESSIVE;
				GCC_WARN_UNUSED_FUNCTION = YES;
				GCC_WARN_UNUSED_VARIABLE = YES;
				IPHONEOS_DEPLOYMENT_TARGET = 16.2;
				MTL_ENABLE_DEBUG_INFO = INCLUDE_SOURCE;
				MTL_FAST_MATH = YES;
				ONLY_ACTIVE_ARCH = YES;
				SDKROOT = iphoneos;
				SWIFT_ACTIVE_COMPILATION_CONDITIONS = DEBUG;
				SWIFT_OPTIMIZATION_LEVEL = "-Onone";
			};
			name = Debug;
		};
		BA42A22229546D81009713CB /* Release */ = {
			isa = XCBuildConfiguration;
			buildSettings = {
				ALWAYS_SEARCH_USER_PATHS = NO;
				CLANG_ANALYZER_NONNULL = YES;
				CLANG_ANALYZER_NUMBER_OBJECT_CONVERSION = YES_AGGRESSIVE;
				CLANG_CXX_LANGUAGE_STANDARD = "gnu++20";
				CLANG_ENABLE_MODULES = YES;
				CLANG_ENABLE_OBJC_ARC = YES;
				CLANG_ENABLE_OBJC_WEAK = YES;
				CLANG_WARN_BLOCK_CAPTURE_AUTORELEASING = YES;
				CLANG_WARN_BOOL_CONVERSION = YES;
				CLANG_WARN_COMMA = YES;
				CLANG_WARN_CONSTANT_CONVERSION = YES;
				CLANG_WARN_DEPRECATED_OBJC_IMPLEMENTATIONS = YES;
				CLANG_WARN_DIRECT_OBJC_ISA_USAGE = YES_ERROR;
				CLANG_WARN_DOCUMENTATION_COMMENTS = YES;
				CLANG_WARN_EMPTY_BODY = YES;
				CLANG_WARN_ENUM_CONVERSION = YES;
				CLANG_WARN_INFINITE_RECURSION = YES;
				CLANG_WARN_INT_CONVERSION = YES;
				CLANG_WARN_NON_LITERAL_NULL_CONVERSION = YES;
				CLANG_WARN_OBJC_IMPLICIT_RETAIN_SELF = YES;
				CLANG_WARN_OBJC_LITERAL_CONVERSION = YES;
				CLANG_WARN_OBJC_ROOT_CLASS = YES_ERROR;
				CLANG_WARN_QUOTED_INCLUDE_IN_FRAMEWORK_HEADER = YES;
				CLANG_WARN_RANGE_LOOP_ANALYSIS = YES;
				CLANG_WARN_STRICT_PROTOTYPES = YES;
				CLANG_WARN_SUSPICIOUS_MOVE = YES;
				CLANG_WARN_UNGUARDED_AVAILABILITY = YES_AGGRESSIVE;
				CLANG_WARN_UNREACHABLE_CODE = YES;
				CLANG_WARN__DUPLICATE_METHOD_MATCH = YES;
				COPY_PHASE_STRIP = NO;
				DEBUG_INFORMATION_FORMAT = "dwarf-with-dsym";
				ENABLE_NS_ASSERTIONS = NO;
				ENABLE_STRICT_OBJC_MSGSEND = YES;
				GCC_C_LANGUAGE_STANDARD = gnu11;
				GCC_NO_COMMON_BLOCKS = YES;
				GCC_WARN_64_TO_32_BIT_CONVERSION = YES;
				GCC_WARN_ABOUT_RETURN_TYPE = YES_ERROR;
				GCC_WARN_UNDECLARED_SELECTOR = YES;
				GCC_WARN_UNINITIALIZED_AUTOS = YES_AGGRESSIVE;
				GCC_WARN_UNUSED_FUNCTION = YES;
				GCC_WARN_UNUSED_VARIABLE = YES;
				IPHONEOS_DEPLOYMENT_TARGET = 16.2;
				MTL_ENABLE_DEBUG_INFO = NO;
				MTL_FAST_MATH = YES;
				SDKROOT = iphoneos;
				SWIFT_COMPILATION_MODE = wholemodule;
				SWIFT_OPTIMIZATION_LEVEL = "-O";
				VALIDATE_PRODUCT = YES;
			};
			name = Release;
		};
		BA42A22429546D81009713CB /* Debug */ = {
			isa = XCBuildConfiguration;
			buildSettings = {
				ASSETCATALOG_COMPILER_APPICON_NAME = AppIcon;
				ASSETCATALOG_COMPILER_GLOBAL_ACCENT_COLOR_NAME = AccentColor;
				CODE_SIGN_STYLE = Automatic;
				CURRENT_PROJECT_VERSION = 1;
				DEVELOPMENT_ASSET_PATHS = "\"E-codes Checker App/Preview Content\"";
				DEVELOPMENT_TEAM = 72UFS7AJ5R;
				ENABLE_PREVIEWS = YES;
				GENERATE_INFOPLIST_FILE = YES;
				INFOPLIST_KEY_LSApplicationCategoryType = "public.app-category.medical";
				INFOPLIST_KEY_UIApplicationSceneManifest_Generation = YES;
				INFOPLIST_KEY_UIApplicationSupportsIndirectInputEvents = YES;
				INFOPLIST_KEY_UILaunchScreen_Generation = YES;
				INFOPLIST_KEY_UISupportedInterfaceOrientations = UIInterfaceOrientationPortrait;
				INFOPLIST_KEY_UISupportedInterfaceOrientations_iPad = "UIInterfaceOrientationLandscapeLeft UIInterfaceOrientationLandscapeRight UIInterfaceOrientationPortrait UIInterfaceOrientationPortraitUpsideDown";
				IPHONEOS_DEPLOYMENT_TARGET = 15.2;
				LD_RUNPATH_SEARCH_PATHS = (
					"$(inherited)",
					"@executable_path/Frameworks",
				);
				MARKETING_VERSION = 1.0;
				PRODUCT_BUNDLE_IDENTIFIER = "com.oleksiichumak.E-codes-Checker-App";
				PRODUCT_NAME = "$(TARGET_NAME)";
				SWIFT_EMIT_LOC_STRINGS = YES;
				SWIFT_VERSION = 5.0;
				TARGETED_DEVICE_FAMILY = "1,2";
			};
			name = Debug;
		};
		BA42A22529546D81009713CB /* Release */ = {
			isa = XCBuildConfiguration;
			buildSettings = {
				ASSETCATALOG_COMPILER_APPICON_NAME = AppIcon;
				ASSETCATALOG_COMPILER_GLOBAL_ACCENT_COLOR_NAME = AccentColor;
				CODE_SIGN_STYLE = Automatic;
				CURRENT_PROJECT_VERSION = 1;
				DEVELOPMENT_ASSET_PATHS = "\"E-codes Checker App/Preview Content\"";
				DEVELOPMENT_TEAM = 72UFS7AJ5R;
				ENABLE_PREVIEWS = YES;
				GENERATE_INFOPLIST_FILE = YES;
				INFOPLIST_KEY_LSApplicationCategoryType = "public.app-category.medical";
				INFOPLIST_KEY_UIApplicationSceneManifest_Generation = YES;
				INFOPLIST_KEY_UIApplicationSupportsIndirectInputEvents = YES;
				INFOPLIST_KEY_UILaunchScreen_Generation = YES;
				INFOPLIST_KEY_UISupportedInterfaceOrientations = UIInterfaceOrientationPortrait;
				INFOPLIST_KEY_UISupportedInterfaceOrientations_iPad = "UIInterfaceOrientationLandscapeLeft UIInterfaceOrientationLandscapeRight UIInterfaceOrientationPortrait UIInterfaceOrientationPortraitUpsideDown";
				IPHONEOS_DEPLOYMENT_TARGET = 15.2;
				LD_RUNPATH_SEARCH_PATHS = (
					"$(inherited)",
					"@executable_path/Frameworks",
				);
				MARKETING_VERSION = 1.0;
				PRODUCT_BUNDLE_IDENTIFIER = "com.oleksiichumak.E-codes-Checker-App";
				PRODUCT_NAME = "$(TARGET_NAME)";
				SWIFT_EMIT_LOC_STRINGS = YES;
				SWIFT_VERSION = 5.0;
				TARGETED_DEVICE_FAMILY = "1,2";
			};
			name = Release;
		};
/* End XCBuildConfiguration section */

/* Begin XCConfigurationList section */
		BA42A21029546D7F009713CB /* Build configuration list for PBXProject "E-codes Checker App" */ = {
			isa = XCConfigurationList;
			buildConfigurations = (
				BA42A22129546D81009713CB /* Debug */,
				BA42A22229546D81009713CB /* Release */,
			);
			defaultConfigurationIsVisible = 0;
			defaultConfigurationName = Release;
		};
		BA42A22329546D81009713CB /* Build configuration list for PBXNativeTarget "E-codes Checker App" */ = {
			isa = XCConfigurationList;
			buildConfigurations = (
				BA42A22429546D81009713CB /* Debug */,
				BA42A22529546D81009713CB /* Release */,
			);
			defaultConfigurationIsVisible = 0;
			defaultConfigurationName = Release;
		};
/* End XCConfigurationList section */

/* Begin XCRemoteSwiftPackageReference section */
		BA470F2D2968373F00D651B8 /* XCRemoteSwiftPackageReference "SQLite.swift" */ = {
			isa = XCRemoteSwiftPackageReference;
			repositoryURL = "https://github.com/stephencelis/SQLite.swift.git";
			requirement = {
				branch = master;
				kind = branch;
			};
		};
/* End XCRemoteSwiftPackageReference section */

/* Begin XCSwiftPackageProductDependency section */
		BA470F2E2968373F00D651B8 /* SQLite */ = {
			isa = XCSwiftPackageProductDependency;
			package = BA470F2D2968373F00D651B8 /* XCRemoteSwiftPackageReference "SQLite.swift" */;
			productName = SQLite;
		};
/* End XCSwiftPackageProductDependency section */
	};
	rootObject = BA42A20D29546D7F009713CB /* Project object */;
}
